{
  "name": "CodeSight",
  "lockfileVersion": 3,
  "requires": true,
  "packages": {
    "": {
      "dependencies": {
        "@monaco-editor/react": "^4.7.0",
        "d3": "^7.9.0",
        "framer-motion": "^12.34.3",
        "lz-string": "^1.5.0",
        "reactflow": "^11.11.4",
        "zustand": "^5.0.11"
      }
    },
    "node_modules/@monaco-editor/loader": {
      "version": "1.7.0",
      "resolved": "https://registry.npmjs.org/@monaco-editor/loader/-/loader-1.7.0.tgz",
      "integrity": "sha512-gIwR1HrJrrx+vfyOhYmCZ0/JcWqG5kbfG7+d3f/C1LXk2EvzAbHSg3MQ5lO2sMlo9izoAZ04shohfKLVT6crVA==",
      "license": "MIT",
      "dependencies": {
        "state-local": "^1.0.6"
      }
    },
    "node_modules/@monaco-editor/react": {
      "version": "4.7.0",
      "resolved": "https://registry.npmjs.org/@monaco-editor/react/-/react-4.7.0.tgz",
      "integrity": "sha512-cyzXQCtO47ydzxpQtCGSQGOC8Gk3ZUeBXFAxD+CWXYFo5OqZyZUonFl0DwUlTyAfRHntBfw2p3w4s9R6oe1eCA==",
      "license": "MIT",
      "dependencies": {
        "@monaco-editor/loader": "^1.5.0"
      },
      "peerDependencies": {
        "monaco-editor": ">= 0.25.0 < 1",
        "react": "^16.8.0 || ^17.0.0 || ^18.0.0 || ^19.0.0",
        "react-dom": "^16.8.0 || ^17.0.0 || ^18.0.0 || ^19.0.0"
      }
    },
    "node_modules/@reactflow/background": {
      "version": "11.3.14",
      "resolved": "https://registry.npmjs.org/@reactflow/background/-/background-11.3.14.tgz",
      "integrity": "sha512-Gewd7blEVT5Lh6jqrvOgd4G6Qk17eGKQfsDXgyRSqM+CTwDqRldG2LsWN4sNeno6sbqVIC2fZ+rAUBFA9ZEUDA==",
      "license": "MIT",
      "dependencies": {
        "@reactflow/core": "11.11.4",
        "classcat": "^5.0.3",
        "zustand": "^4.4.1"
      },
      "peerDependencies": {
        "react": ">=17",
        "react-dom": ">=17"
      }
    },
    "node_modules/@reactflow/background/node_modules/zustand": {
      "version": "4.5.7",
      "resolved": "https://registry.npmjs.org/zustand/-/zustand-4.5.7.tgz",
      "integrity": "sha512-CHOUy7mu3lbD6o6LJLfllpjkzhHXSBlX8B9+qPddUsIfeF5S/UZ5q0kmCsnRqT1UHFQZchNFDDzMbQsuesHWlw==",
      "license": "MIT",
      "dependencies": {
        "use-sync-external-store": "^1.2.2"
      },
      "engines": {
        "node": ">=12.7.0"
      },
      "peerDependencies": {
        "@types/react": ">=16.8",
        "immer": ">=9.0.6",
        "react": ">=16.8"
      },
      "peerDependenciesMeta": {
        "@types/react": {
          "optional": true
        },
        "immer": {
          "optional": true
        },
        "react": {
          "optional": true
        }
      }
    },
    "node_modules/@reactflow/controls": {
      "version": "11.2.14",
      "resolved": "https://registry.npmjs.org/@reactflow/controls/-/controls-11.2.14.tgz",
      "integrity": "sha512-MiJp5VldFD7FrqaBNIrQ85dxChrG6ivuZ+dcFhPQUwOK3HfYgX2RHdBua+gx+40p5Vw5It3dVNp/my4Z3jF0dw==",
      "license": "MIT",
      "dependencies": {
        "@reactflow/core": "11.11.4",
        "classcat": "^5.0.3",
        "zustand": "^4.4.1"
      },
      "peerDependencies": {
        "react": ">=17",
        "react-dom": ">=17"
      }
    },
    "node_modules/@reactflow/controls/node_modules/zustand": {
      "version": "4.5.7",
      "resolved": "https://registry.npmjs.org/zustand/-/zustand-4.5.7.tgz",
      "integrity": "sha512-CHOUy7mu3lbD6o6LJLfllpjkzhHXSBlX8B9+qPddUsIfeF5S/UZ5q0kmCsnRqT1UHFQZchNFDDzMbQsuesHWlw==",
      "license": "MIT",
      "dependencies": {
        "use-sync-external-store": "^1.2.2"
      },
      "engines": {
        "node": ">=12.7.0"
      },
      "peerDependencies": {
        "@types/react": ">=16.8",
        "immer": ">=9.0.6",
        "react": ">=16.8"
      },
      "peerDependenciesMeta": {
        "@types/react": {
          "optional": true
        },
        "immer": {
          "optional": true
        },
        "react": {
          "optional": true
        }
      }
    },
    "node_modules/@reactflow/core": {
      "version": "11.11.4",
      "resolved": "https://registry.npmjs.org/@reactflow/core/-/core-11.11.4.tgz",
      "integrity": "sha512-H4vODklsjAq3AMq6Np4LE12i1I4Ta9PrDHuBR9GmL8uzTt2l2jh4CiQbEMpvMDcp7xi4be0hgXj+Ysodde/i7Q==",
      "license": "MIT",
      "dependencies": {
        "@types/d3": "^7.4.0",
        "@types/d3-drag": "^3.0.1",
        "@types/d3-selection": "^3.0.3",
        "@types/d3-zoom": "^3.0.1",
        "classcat": "^5.0.3",
        "d3-drag": "^3.0.0",
        "d3-selection": "^3.0.0",
        "d3-zoom": "^3.0.0",
        "zustand": "^4.4.1"
      },
      "peerDependencies": {
        "react": ">=17",
        "react-dom": ">=17"
      }
    },
    "node_modules/@reactflow/core/node_modules/zustand": {
      "version": "4.5.7",
      "resolved": "https://registry.npmjs.org/zustand/-/zustand-4.5.7.tgz",
      "integrity": "sha512-CHOUy7mu3lbD6o6LJLfllpjkzhHXSBlX8B9+qPddUsIfeF5S/UZ5q0kmCsnRqT1UHFQZchNFDDzMbQsuesHWlw==",
      "license": "MIT",
      "dependencies": {
        "use-sync-external-store": "^1.2.2"
      },
      "engines": {
        "node": ">=12.7.0"
      },
      "peerDependencies": {
        "@types/react": ">=16.8",
        "immer": ">=9.0.6",
        "react": ">=16.8"
      },
      "peerDependenciesMeta": {
        "@types/react": {
          "optional": true
        },
        "immer": {
          "optional": true
        },
        "react": {
          "optional": true
        }
      }
    },
    "node_modules/@reactflow/minimap": {
      "version": "11.7.14",
      "resolved": "https://registry.npmjs.org/@reactflow/minimap/-/minimap-11.7.14.tgz",
      "integrity": "sha512-mpwLKKrEAofgFJdkhwR5UQ1JYWlcAAL/ZU/bctBkuNTT1yqV+y0buoNVImsRehVYhJwffSWeSHaBR5/GJjlCSQ==",
      "license": "MIT",
      "dependencies": {
        "@reactflow/core": "11.11.4",
        "@types/d3-selection": "^3.0.3",
        "@types/d3-zoom": "^3.0.1",
        "classcat": "^5.0.3",
        "d3-selection": "^3.0.0",
        "d3-zoom": "^3.0.0",
        "zustand": "^4.4.1"
      },
      "peerDependencies": {
        "react": ">=17",
        "react-dom": ">=17"
      }
    },
    "node_modules/@reactflow/minimap/node_modules/zustand": {
      "version": "4.5.7",
      "resolved": "https://registry.npmjs.org/zustand/-/zustand-4.5.7.tgz",
      "integrity": "sha512-CHOUy7mu3lbD6o6LJLfllpjkzhHXSBlX8B9+qPddUsIfeF5S/UZ5q0kmCsnRqT1UHFQZchNFDDzMbQsuesHWlw==",
      "license": "MIT",
      "dependencies": {
        "use-sync-external-store": "^1.2.2"
      },
      "engines": {
        "node": ">=12.7.0"
      },
      "peerDependencies": {
        "@types/react": ">=16.8",
        "immer": ">=9.0.6",
        "react": ">=16.8"
      },
      "peerDependenciesMeta": {
        "@types/react": {
          "optional": true
        },
        "immer": {
          "optional": true
        },
        "react": {
          "optional": true
        }
      }
    },
    "node_modules/@reactflow/node-resizer": {
      "version": "2.2.14",
      "resolved": "https://registry.npmjs.org/@reactflow/node-resizer/-/node-resizer-2.2.14.tgz",
      "integrity": "sha512-fwqnks83jUlYr6OHcdFEedumWKChTHRGw/kbCxj0oqBd+ekfs+SIp4ddyNU0pdx96JIm5iNFS0oNrmEiJbbSaA==",
      "license": "MIT",
      "dependencies": {
        "@reactflow/core": "11.11.4",
        "classcat": "^5.0.4",
        "d3-drag": "^3.0.0",
        "d3-selection": "^3.0.0",
        "zustand": "^4.4.1"
      },
      "peerDependencies": {
        "react": ">=17",
        "react-dom": ">=17"
      }
    },
    "node_modules/@reactflow/node-resizer/node_modules/zustand": {
      "version": "4.5.7",
      "resolved": "https://registry.npmjs.org/zustand/-/zustand-4.5.7.tgz",
      "integrity": "sha512-CHOUy7mu3lbD6o6LJLfllpjkzhHXSBlX8B9+qPddUsIfeF5S/UZ5q0kmCsnRqT1UHFQZchNFDDzMbQsuesHWlw==",
      "license": "MIT",
      "dependencies": {
        "use-sync-external-store": "^1.2.2"
      },
      "engines": {
        "node": ">=12.7.0"
      },
      "peerDependencies": {
        "@types/react": ">=16.8",
        "immer": ">=9.0.6",
        "react": ">=16.8"
      },
      "peerDependenciesMeta": {
        "@types/react": {
          "optional": true
        },
        "immer": {
          "optional": true
        },
        "react": {
          "optional": true
        }
      }
    },
    "node_modules/@reactflow/node-toolbar": {
      "version": "1.3.14",
      "resolved": "https://registry.npmjs.org/@reactflow/node-toolbar/-/node-toolbar-1.3.14.tgz",
      "integrity": "sha512-rbynXQnH/xFNu4P9H+hVqlEUafDCkEoCy0Dg9mG22Sg+rY/0ck6KkrAQrYrTgXusd+cEJOMK0uOOFCK2/5rSGQ==",
      "license": "MIT",
      "dependencies": {
        "@reactflow/core": "11.11.4",
        "classcat": "^5.0.3",
        "zustand": "^4.4.1"
      },
      "peerDependencies": {
        "react": ">=17",
        "react-dom": ">=17"
      }
    },
    "node_modules/@reactflow/node-toolbar/node_modules/zustand": {
      "version": "4.5.7",
      "resolved": "https://registry.npmjs.org/zustand/-/zustand-4.5.7.tgz",
      "integrity": "sha512-CHOUy7mu3lbD6o6LJLfllpjkzhHXSBlX8B9+qPddUsIfeF5S/UZ5q0kmCsnRqT1UHFQZchNFDDzMbQsuesHWlw==",
      "license": "MIT",
      "dependencies": {
        "use-sync-external-store": "^1.2.2"
      },
      "engines": {
        "node": ">=12.7.0"
      },
      "peerDependencies": {
        "@types/react": ">=16.8",
        "immer": ">=9.0.6",
        "react": ">=16.8"
      },
      "peerDependenciesMeta": {
        "@types/react": {
          "optional": true
        },
        "immer": {
          "optional": true
        },
        "react": {
          "optional": true
        }
      }
    },
    "node_modules/@types/d3": {
      "version": "7.4.3",
      "resolved": "https://registry.npmjs.org/@types/d3/-/d3-7.4.3.tgz",
      "integrity": "sha512-lZXZ9ckh5R8uiFVt8ogUNf+pIrK4EsWrx2Np75WvF/eTpJ0FMHNhjXk8CKEx/+gpHbNQyJWehbFaTvqmHWB3ww==",
      "license": "MIT",
      "dependencies": {
        "@types/d3-array": "*",
        "@types/d3-axis": "*",
        "@types/d3-brush": "*",
        "@types/d3-chord": "*",
        "@types/d3-color": "*",
        "@types/d3-contour": "*",
        "@types/d3-delaunay": "*",
        "@types/d3-dispatch": "*",
        "@types/d3-drag": "*",
        "@types/d3-dsv": "*",
        "@types/d3-ease": "*",
        "@types/d3-fetch": "*",
        "@types/d3-force": "*",
        "@types/d3-format": "*",
        "@types/d3-geo": "*",
        "@types/d3-hierarchy": "*",
        "@types/d3-interpolate": "*",
        "@types/d3-path": "*",
        "@types/d3-polygon": "*",
        "@types/d3-quadtree": "*",
        "@types/d3-random": "*",
        "@types/d3-scale": "*",
        "@types/d3-scale-chromatic": "*",
        "@types/d3-selection": "*",
        "@types/d3-shape": "*",
        "@types/d3-time": "*",
        "@types/d3-time-format": "*",
        "@types/d3-timer": "*",
        "@types/d3-transition": "*",
        "@types/d3-zoom": "*"
      }
    },
    "node_modules/@types/d3-array": {
      "version": "3.2.2",
      "resolved": "https://registry.npmjs.org/@types/d3-array/-/d3-array-3.2.2.tgz",
      "integrity": "sha512-hOLWVbm7uRza0BYXpIIW5pxfrKe0W+D5lrFiAEYR+pb6w3N2SwSMaJbXdUfSEv+dT4MfHBLtn5js0LAWaO6otw==",
      "license": "MIT"
    },
    "node_modules/@types/d3-axis": {
      "version": "3.0.6",
      "resolved": "https://registry.npmjs.org/@types/d3-axis/-/d3-axis-3.0.6.tgz",
      "integrity": "sha512-pYeijfZuBd87T0hGn0FO1vQ/cgLk6E1ALJjfkC0oJ8cbwkZl3TpgS8bVBLZN+2jjGgg38epgxb2zmoGtSfvgMw==",
      "license": "MIT",
      "dependencies": {
        "@types/d3-selection": "*"
      }
    },
    "node_modules/@types/d3-brush": {
      "version": "3.0.6",
      "resolved": "https://registry.npmjs.org/@types/d3-brush/-/d3-brush-3.0.6.tgz",
      "integrity": "sha512-nH60IZNNxEcrh6L1ZSMNA28rj27ut/2ZmI3r96Zd+1jrZD++zD3LsMIjWlvg4AYrHn/Pqz4CF3veCxGjtbqt7A==",
      "license": "MIT",
      "dependencies": {
        "@types/d3-selection": "*"
      }
    },
    "node_modules/@types/d3-chord": {
      "version": "3.0.6",
      "resolved": "https://registry.npmjs.org/@types/d3-chord/-/d3-chord-3.0.6.tgz",
      "integrity": "sha512-LFYWWd8nwfwEmTZG9PfQxd17HbNPksHBiJHaKuY1XeqscXacsS2tyoo6OdRsjf+NQYeB6XrNL3a25E3gH69lcg==",
      "license": "MIT"
    },
    "node_modules/@types/d3-color": {
      "version": "3.1.3",
      "resolved": "https://registry.npmjs.org/@types/d3-color/-/d3-color-3.1.3.tgz",
      "integrity": "sha512-iO90scth9WAbmgv7ogoq57O9YpKmFBbmoEoCHDB2xMBY0+/KVrqAaCDyCE16dUspeOvIxFFRI+0sEtqDqy2b4A==",
      "license": "MIT"
    },
    "node_modules/@types/d3-contour": {
      "version": "3.0.6",
      "resolved": "https://registry.npmjs.org/@types/d3-contour/-/d3-contour-3.0.6.tgz",
      "integrity": "sha512-BjzLgXGnCWjUSYGfH1cpdo41/hgdWETu4YxpezoztawmqsvCeep+8QGfiY6YbDvfgHz/DkjeIkkZVJavB4a3rg==",
      "license": "MIT",
      "dependencies": {
        "@types/d3-array": "*",
        "@types/geojson": "*"
      }
    },
    "node_modules/@types/d3-delaunay": {
      "version": "6.0.4",
      "resolved": "https://registry.npmjs.org/@types/d3-delaunay/-/d3-delaunay-6.0.4.tgz",
      "integrity": "sha512-ZMaSKu4THYCU6sV64Lhg6qjf1orxBthaC161plr5KuPHo3CNm8DTHiLw/5Eq2b6TsNP0W0iJrUOFscY6Q450Hw==",
      "license": "MIT"
    },
    "node_modules/@types/d3-dispatch": {
      "version": "3.0.7",
      "resolved": "https://registry.npmjs.org/@types/d3-dispatch/-/d3-dispatch-3.0.7.tgz",
      "integrity": "sha512-5o9OIAdKkhN1QItV2oqaE5KMIiXAvDWBDPrD85e58Qlz1c1kI/J0NcqbEG88CoTwJrYe7ntUCVfeUl2UJKbWgA==",
      "license": "MIT"
    },
    "node_modules/@types/d3-drag": {
      "version": "3.0.7",
      "resolved": "https://registry.npmjs.org/@types/d3-drag/-/d3-drag-3.0.7.tgz",
      "integrity": "sha512-HE3jVKlzU9AaMazNufooRJ5ZpWmLIoc90A37WU2JMmeq28w1FQqCZswHZ3xR+SuxYftzHq6WU6KJHvqxKzTxxQ==",
      "license": "MIT",
      "dependencies": {
        "@types/d3-selection": "*"
      }
    },
    "node_modules/@types/d3-dsv": {
      "version": "3.0.7",
      "resolved": "https://registry.npmjs.org/@types/d3-dsv/-/d3-dsv-3.0.7.tgz",
      "integrity": "sha512-n6QBF9/+XASqcKK6waudgL0pf/S5XHPPI8APyMLLUHd8NqouBGLsU8MgtO7NINGtPBtk9Kko/W4ea0oAspwh9g==",
      "license": "MIT"
    },
    "node_modules/@types/d3-ease": {
      "version": "3.0.2",
      "resolved": "https://registry.npmjs.org/@types/d3-ease/-/d3-ease-3.0.2.tgz",
      "integrity": "sha512-NcV1JjO5oDzoK26oMzbILE6HW7uVXOHLQvHshBUW4UMdZGfiY6v5BeQwh9a9tCzv+CeefZQHJt5SRgK154RtiA==",
      "license": "MIT"
    },
    "node_modules/@types/d3-fetch": {
      "version": "3.0.7",
      "resolved": "https://registry.npmjs.org/@types/d3-fetch/-/d3-fetch-3.0.7.tgz",
      "integrity": "sha512-fTAfNmxSb9SOWNB9IoG5c8Hg6R+AzUHDRlsXsDZsNp6sxAEOP0tkP3gKkNSO/qmHPoBFTxNrjDprVHDQDvo5aA==",
      "license": "MIT",
      "dependencies": {
        "@types/d3-dsv": "*"
      }
    },
    "node_modules/@types/d3-force": {
      "version": "3.0.10",
      "resolved": "https://registry.npmjs.org/@types/d3-force/-/d3-force-3.0.10.tgz",
      "integrity": "sha512-ZYeSaCF3p73RdOKcjj+swRlZfnYpK1EbaDiYICEEp5Q6sUiqFaFQ9qgoshp5CzIyyb/yD09kD9o2zEltCexlgw==",
      "license": "MIT"
    },
    "node_modules/@types/d3-format": {
      "version": "3.0.4",
      "resolved": "https://registry.npmjs.org/@types/d3-format/-/d3-format-3.0.4.tgz",
      "integrity": "sha512-fALi2aI6shfg7vM5KiR1wNJnZ7r6UuggVqtDA+xiEdPZQwy/trcQaHnwShLuLdta2rTymCNpxYTiMZX/e09F4g==",
      "license": "MIT"
    },
    "node_modules/@types/d3-geo": {
      "version": "3.1.0",
      "resolved": "https://registry.npmjs.org/@types/d3-geo/-/d3-geo-3.1.0.tgz",
      "integrity": "sha512-856sckF0oP/diXtS4jNsiQw/UuK5fQG8l/a9VVLeSouf1/PPbBE1i1W852zVwKwYCBkFJJB7nCFTbk6UMEXBOQ==",
      "license": "MIT",
      "dependencies": {
        "@types/geojson": "*"
      }
    },
    "node_modules/@types/d3-hierarchy": {
      "version": "3.1.7",
      "resolved": "https://registry.npmjs.org/@types/d3-hierarchy/-/d3-hierarchy-3.1.7.tgz",
      "integrity": "sha512-tJFtNoYBtRtkNysX1Xq4sxtjK8YgoWUNpIiUee0/jHGRwqvzYxkq0hGVbbOGSz+JgFxxRu4K8nb3YpG3CMARtg==",
      "license": "MIT"
    },
    "node_modules/@types/d3-interpolate": {
      "version": "3.0.4",
      "resolved": "https://registry.npmjs.org/@types/d3-interpolate/-/d3-interpolate-3.0.4.tgz",
      "integrity": "sha512-mgLPETlrpVV1YRJIglr4Ez47g7Yxjl1lj7YKsiMCb27VJH9W8NVM6Bb9d8kkpG/uAQS5AmbA48q2IAolKKo1MA==",
      "license": "MIT",
      "dependencies": {
        "@types/d3-color": "*"
      }
    },
    "node_modules/@types/d3-path": {
      "version": "3.1.1",
      "resolved": "https://registry.npmjs.org/@types/d3-path/-/d3-path-3.1.1.tgz",
      "integrity": "sha512-VMZBYyQvbGmWyWVea0EHs/BwLgxc+MKi1zLDCONksozI4YJMcTt8ZEuIR4Sb1MMTE8MMW49v0IwI5+b7RmfWlg==",
      "license": "MIT"
    },
    "node_modules/@types/d3-polygon": {
      "version": "3.0.2",
      "resolved": "https://registry.npmjs.org/@types/d3-polygon/-/d3-polygon-3.0.2.tgz",
      "integrity": "sha512-ZuWOtMaHCkN9xoeEMr1ubW2nGWsp4nIql+OPQRstu4ypeZ+zk3YKqQT0CXVe/PYqrKpZAi+J9mTs05TKwjXSRA==",
      "license": "MIT"
    },
    "node_modules/@types/d3-quadtree": {
      "version": "3.0.6",
      "resolved": "https://registry.npmjs.org/@types/d3-quadtree/-/d3-quadtree-3.0.6.tgz",
      "integrity": "sha512-oUzyO1/Zm6rsxKRHA1vH0NEDG58HrT5icx/azi9MF1TWdtttWl0UIUsjEQBBh+SIkrpd21ZjEv7ptxWys1ncsg==",
      "license": "MIT"
    },
    "node_modules/@types/d3-random": {
      "version": "3.0.3",
      "resolved": "https://registry.npmjs.org/@types/d3-random/-/d3-random-3.0.3.tgz",
      "integrity": "sha512-Imagg1vJ3y76Y2ea0871wpabqp613+8/r0mCLEBfdtqC7xMSfj9idOnmBYyMoULfHePJyxMAw3nWhJxzc+LFwQ==",
      "license": "MIT"
    },
    "node_modules/@types/d3-scale": {
      "version": "4.0.9",
      "resolved": "https://registry.npmjs.org/@types/d3-scale/-/d3-scale-4.0.9.tgz",
      "integrity": "sha512-dLmtwB8zkAeO/juAMfnV+sItKjlsw2lKdZVVy6LRr0cBmegxSABiLEpGVmSJJ8O08i4+sGR6qQtb6WtuwJdvVw==",
      "license": "MIT",
      "dependencies": {
        "@types/d3-time": "*"
      }
    },
    "node_modules/@types/d3-scale-chromatic": {
      "version": "3.1.0",
      "resolved": "https://registry.npmjs.org/@types/d3-scale-chromatic/-/d3-scale-chromatic-3.1.0.tgz",
      "integrity": "sha512-iWMJgwkK7yTRmWqRB5plb1kadXyQ5Sj8V/zYlFGMUBbIPKQScw+Dku9cAAMgJG+z5GYDoMjWGLVOvjghDEFnKQ==",
      "license": "MIT"
    },
    "node_modules/@types/d3-selection": {
      "version": "3.0.11",
      "resolved": "https://registry.npmjs.org/@types/d3-selection/-/d3-selection-3.0.11.tgz",
      "integrity": "sha512-bhAXu23DJWsrI45xafYpkQ4NtcKMwWnAC/vKrd2l+nxMFuvOT3XMYTIj2opv8vq8AO5Yh7Qac/nSeP/3zjTK0w==",
      "license": "MIT"
    },
    "node_modules/@types/d3-shape": {
      "version": "3.1.8",
      "resolved": "https://registry.npmjs.org/@types/d3-shape/-/d3-shape-3.1.8.tgz",
      "integrity": "sha512-lae0iWfcDeR7qt7rA88BNiqdvPS5pFVPpo5OfjElwNaT2yyekbM0C9vK+yqBqEmHr6lDkRnYNoTBYlAgJa7a4w==",
      "license": "MIT",
      "dependencies": {
        "@types/d3-path": "*"
      }
    },
    "node_modules/@types/d3-time": {
      "version": "3.0.4",
      "resolved": "https://registry.npmjs.org/@types/d3-time/-/d3-time-3.0.4.tgz",
      "integrity": "sha512-yuzZug1nkAAaBlBBikKZTgzCeA+k1uy4ZFwWANOfKw5z5LRhV0gNA7gNkKm7HoK+HRN0wX3EkxGk0fpbWhmB7g==",
      "license": "MIT"
    },
    "node_modules/@types/d3-time-format": {
      "version": "4.0.3",
      "resolved": "https://registry.npmjs.org/@types/d3-time-format/-/d3-time-format-4.0.3.tgz",
      "integrity": "sha512-5xg9rC+wWL8kdDj153qZcsJ0FWiFt0J5RB6LYUNZjwSnesfblqrI/bJ1wBdJ8OQfncgbJG5+2F+qfqnqyzYxyg==",
      "license": "MIT"
    },
    "node_modules/@types/d3-timer": {
      "version": "3.0.2",
      "resolved": "https://registry.npmjs.org/@types/d3-timer/-/d3-timer-3.0.2.tgz",
      "integrity": "sha512-Ps3T8E8dZDam6fUyNiMkekK3XUsaUEik+idO9/YjPtfj2qruF8tFBXS7XhtE4iIXBLxhmLjP3SXpLhVf21I9Lw==",
      "license": "MIT"
    },
    "node_modules/@types/d3-transition": {
      "version": "3.0.9",
      "resolved": "https://registry.npmjs.org/@types/d3-transition/-/d3-transition-3.0.9.tgz",
      "integrity": "sha512-uZS5shfxzO3rGlu0cC3bjmMFKsXv+SmZZcgp0KD22ts4uGXp5EVYGzu/0YdwZeKmddhcAccYtREJKkPfXkZuCg==",
      "license": "MIT",
      "dependencies": {
        "@types/d3-selection": "*"
      }
    },
    "node_modules/@types/d3-zoom": {
      "version": "3.0.8",
      "resolved": "https://registry.npmjs.org/@types/d3-zoom/-/d3-zoom-3.0.8.tgz",
      "integrity": "sha512-iqMC4/YlFCSlO8+2Ii1GGGliCAY4XdeG748w5vQUbevlbDu0zSjH/+jojorQVBK/se0j6DUFNPBGSqD3YWYnDw==",
      "license": "MIT",
      "dependencies": {
        "@types/d3-interpolate": "*",
        "@types/d3-selection": "*"
      }
    },
    "node_modules/@types/geojson": {
      "version": "7946.0.16",
      "resolved": "https://registry.npmjs.org/@types/geojson/-/geojson-7946.0.16.tgz",
      "integrity": "sha512-6C8nqWur3j98U6+lXDfTUWIfgvZU+EumvpHKcYjujKH7woYyLj2sUmff0tRhrqM7BohUw7Pz3ZB1jj2gW9Fvmg==",
      "license": "MIT"
    },
    "node_modules/@types/trusted-types": {
      "version": "2.0.7",
      "resolved": "https://registry.npmjs.org/@types/trusted-types/-/trusted-types-2.0.7.tgz",
      "integrity": "sha512-ScaPdn1dQczgbl0QFTeTOmVHFULt394XJgOQNoyVhZ6r2vLnMLJfBPd53SB52T/3G36VI1/g2MZaX0cwDuXsfw==",
      "license": "MIT",
      "optional": true,
      "peer": true
    },
    "node_modules/classcat": {
      "version": "5.0.5",
      "resolved": "https://registry.npmjs.org/classcat/-/classcat-5.0.5.tgz",
      "integrity": "sha512-JhZUT7JFcQy/EzW605k/ktHtncoo9vnyW/2GspNYwFlN1C/WmjuV/xtS04e9SOkL2sTdw0VAZ2UGCcQ9lR6p6w==",
      "license": "MIT"
    },
    "node_modules/commander": {
      "version": "7.2.0",
      "resolved": "https://registry.npmjs.org/commander/-/commander-7.2.0.tgz",
      "integrity": "sha512-QrWXB+ZQSVPmIWIhtEO9H+gwHaMGYiF5ChvoJ+K9ZGHG/sVsa6yiesAD1GC/x46sET00Xlwo1u49RVVVzvcSkw==",
      "license": "MIT",
      "engines": {
        "node": ">= 10"
      }
    },
    "node_modules/d3": {
      "version": "7.9.0",
      "resolved": "https://registry.npmjs.org/d3/-/d3-7.9.0.tgz",
      "integrity": "sha512-e1U46jVP+w7Iut8Jt8ri1YsPOvFpg46k+K8TpCb0P+zjCkjkPnV7WzfDJzMHy1LnA+wj5pLT1wjO901gLXeEhA==",
      "license": "ISC",
      "dependencies": {
        "d3-array": "3",
        "d3-axis": "3",
        "d3-brush": "3",
        "d3-chord": "3",
        "d3-color": "3",
        "d3-contour": "4",
        "d3-delaunay": "6",
        "d3-dispatch": "3",
        "d3-drag": "3",
        "d3-dsv": "3",
        "d3-ease": "3",
        "d3-fetch": "3",
        "d3-force": "3",
        "d3-format": "3",
        "d3-geo": "3",
        "d3-hierarchy": "3",
        "d3-interpolate": "3",
        "d3-path": "3",
        "d3-polygon": "3",
        "d3-quadtree": "3",
        "d3-random": "3",
        "d3-scale": "4",
        "d3-scale-chromatic": "3",
        "d3-selection": "3",
        "d3-shape": "3",
        "d3-time": "3",
        "d3-time-format": "4",
        "d3-timer": "3",
        "d3-transition": "3",
        "d3-zoom": "3"
      },
      "engines": {
        "node": ">=12"
      }
    },
    "node_modules/d3-array": {
      "version": "3.2.4",
      "resolved": "https://registry.npmjs.org/d3-array/-/d3-array-3.2.4.tgz",
      "integrity": "sha512-tdQAmyA18i4J7wprpYq8ClcxZy3SC31QMeByyCFyRt7BVHdREQZ5lpzoe5mFEYZUWe+oq8HBvk9JjpibyEV4Jg==",
      "license": "ISC",
      "dependencies": {
        "internmap": "1 - 2"
      },
      "engines": {
        "node": ">=12"
      }
    },
    "node_modules/d3-axis": {
      "version": "3.0.0",
      "resolved": "https://registry.npmjs.org/d3-axis/-/d3-axis-3.0.0.tgz",
      "integrity": "sha512-IH5tgjV4jE/GhHkRV0HiVYPDtvfjHQlQfJHs0usq7M30XcSBvOotpmH1IgkcXsO/5gEQZD43B//fc7SRT5S+xw==",
      "license": "ISC",
      "engines": {
        "node": ">=12"
      }
    },
    "node_modules/d3-brush": {
      "version": "3.0.0",
      "resolved": "https://registry.npmjs.org/d3-brush/-/d3-brush-3.0.0.tgz",
      "integrity": "sha512-ALnjWlVYkXsVIGlOsuWH1+3udkYFI48Ljihfnh8FZPF2QS9o+PzGLBslO0PjzVoHLZ2KCVgAM8NVkXPJB2aNnQ==",
      "license": "ISC",
      "dependencies": {
        "d3-dispatch": "1 - 3",
        "d3-drag": "2 - 3",
        "d3-interpolate": "1 - 3",
        "d3-selection": "3",
        "d3-transition": "3"
      },
      "engines": {
        "node": ">=12"
      }
    },
    "node_modules/d3-chord": {
      "version": "3.0.1",
      "resolved": "https://registry.npmjs.org/d3-chord/-/d3-chord-3.0.1.tgz",
      "integrity": "sha512-VE5S6TNa+j8msksl7HwjxMHDM2yNK3XCkusIlpX5kwauBfXuyLAtNg9jCp/iHH61tgI4sb6R/EIMWCqEIdjT/g==",
      "license": "ISC",
      "dependencies": {
        "d3-path": "1 - 3"
      },
      "engines": {
        "node": ">=12"
      }
    },
    "node_modules/d3-color": {
      "version": "3.1.0",
      "resolved": "https://registry.npmjs.org/d3-color/-/d3-color-3.1.0.tgz",
      "integrity": "sha512-zg/chbXyeBtMQ1LbD/WSoW2DpC3I0mpmPdW+ynRTj/x2DAWYrIY7qeZIHidozwV24m4iavr15lNwIwLxRmOxhA==",
      "license": "ISC",
      "engines": {
        "node": ">=12"
      }
    },
    "node_modules/d3-contour": {
      "version": "4.0.2",
      "resolved": "https://registry.npmjs.org/d3-contour/-/d3-contour-4.0.2.tgz",
      "integrity": "sha512-4EzFTRIikzs47RGmdxbeUvLWtGedDUNkTcmzoeyg4sP/dvCexO47AaQL7VKy/gul85TOxw+IBgA8US2xwbToNA==",
      "license": "ISC",
      "dependencies": {
        "d3-array": "^3.2.0"
      },
      "engines": {
        "node": ">=12"
      }
    },
    "node_modules/d3-delaunay": {
      "version": "6.0.4",
      "resolved": "https://registry.npmjs.org/d3-delaunay/-/d3-delaunay-6.0.4.tgz",
      "integrity": "sha512-mdjtIZ1XLAM8bm/hx3WwjfHt6Sggek7qH043O8KEjDXN40xi3vx/6pYSVTwLjEgiXQTbvaouWKynLBiUZ6SK6A==",
      "license": "ISC",
      "dependencies": {
        "delaunator": "5"
      },
      "engines": {
        "node": ">=12"
      }
    },
    "node_modules/d3-dispatch": {
      "version": "3.0.1",
      "resolved": "https://registry.npmjs.org/d3-dispatch/-/d3-dispatch-3.0.1.tgz",
      "integrity": "sha512-rzUyPU/S7rwUflMyLc1ETDeBj0NRuHKKAcvukozwhshr6g6c5d8zh4c2gQjY2bZ0dXeGLWc1PF174P2tVvKhfg==",
      "license": "ISC",
      "engines": {
        "node": ">=12"
      }
    },
    "node_modules/d3-drag": {
      "version": "3.0.0",
      "resolved": "https://registry.npmjs.org/d3-drag/-/d3-drag-3.0.0.tgz",
      "integrity": "sha512-pWbUJLdETVA8lQNJecMxoXfH6x+mO2UQo8rSmZ+QqxcbyA3hfeprFgIT//HW2nlHChWeIIMwS2Fq+gEARkhTkg==",
      "license": "ISC",
      "dependencies": {
        "d3-dispatch": "1 - 3",
        "d3-selection": "3"
      },
      "engines": {
        "node": ">=12"
      }
    },
    "node_modules/d3-dsv": {
      "version": "3.0.1",
      "resolved": "https://registry.npmjs.org/d3-dsv/-/d3-dsv-3.0.1.tgz",
      "integrity": "sha512-UG6OvdI5afDIFP9w4G0mNq50dSOsXHJaRE8arAS5o9ApWnIElp8GZw1Dun8vP8OyHOZ/QJUKUJwxiiCCnUwm+Q==",
      "license": "ISC",
      "dependencies": {
        "commander": "7",
        "iconv-lite": "0.6",
        "rw": "1"
      },
      "bin": {
        "csv2json": "bin/dsv2json.js",
        "csv2tsv": "bin/dsv2dsv.js",
        "dsv2dsv": "bin/dsv2dsv.js",
        "dsv2json": "bin/dsv2json.js",
        "json2csv": "bin/json2dsv.js",
        "json2dsv": "bin/json2dsv.js",
        "json2tsv": "bin/json2dsv.js",
        "tsv2csv": "bin/dsv2dsv.js",
        "tsv2json": "bin/dsv2json.js"
      },
      "engines": {
        "node": ">=12"
      }
    },
    "node_modules/d3-ease": {
      "version": "3.0.1",
      "resolved": "https://registry.npmjs.org/d3-ease/-/d3-ease-3.0.1.tgz",
      "integrity": "sha512-wR/XK3D3XcLIZwpbvQwQ5fK+8Ykds1ip7A2Txe0yxncXSdq1L9skcG7blcedkOX+ZcgxGAmLX1FrRGbADwzi0w==",
      "license": "BSD-3-Clause",
      "engines": {
        "node": ">=12"
      }
    },
    "node_modules/d3-fetch": {
      "version": "3.0.1",
      "resolved": "https://registry.npmjs.org/d3-fetch/-/d3-fetch-3.0.1.tgz",
      "integrity": "sha512-kpkQIM20n3oLVBKGg6oHrUchHM3xODkTzjMoj7aWQFq5QEM+R6E4WkzT5+tojDY7yjez8KgCBRoj4aEr99Fdqw==",
      "license": "ISC",
      "dependencies": {
        "d3-dsv": "1 - 3"
      },
      "engines": {
        "node": ">=12"
      }
    },
    "node_modules/d3-force": {
      "version": "3.0.0",
      "resolved": "https://registry.npmjs.org/d3-force/-/d3-force-3.0.0.tgz",
      "integrity": "sha512-zxV/SsA+U4yte8051P4ECydjD/S+qeYtnaIyAs9tgHCqfguma/aAQDjo85A9Z6EKhBirHRJHXIgJUlffT4wdLg==",
      "license": "ISC",
      "dependencies": {
        "d3-dispatch": "1 - 3",
        "d3-quadtree": "1 - 3",
        "d3-timer": "1 - 3"
      },
      "engines": {
        "node": ">=12"
      }
    },
    "node_modules/d3-format": {
      "version": "3.1.2",
      "resolved": "https://registry.npmjs.org/d3-format/-/d3-format-3.1.2.tgz",
      "integrity": "sha512-AJDdYOdnyRDV5b6ArilzCPPwc1ejkHcoyFarqlPqT7zRYjhavcT3uSrqcMvsgh2CgoPbK3RCwyHaVyxYcP2Arg==",
      "license": "ISC",
      "engines": {
        "node": ">=12"
      }
    },
    "node_modules/d3-geo": {
      "version": "3.1.1",
      "resolved": "https://registry.npmjs.org/d3-geo/-/d3-geo-3.1.1.tgz",
      "integrity": "sha512-637ln3gXKXOwhalDzinUgY83KzNWZRKbYubaG+fGVuc/dxO64RRljtCTnf5ecMyE1RIdtqpkVcq0IbtU2S8j2Q==",
      "license": "ISC",
      "dependencies": {
        "d3-array": "2.5.0 - 3"
      },
      "engines": {
        "node": ">=12"
      }
    },
    "node_modules/d3-hierarchy": {
      "version": "3.1.2",
      "resolved": "https://registry.npmjs.org/d3-hierarchy/-/d3-hierarchy-3.1.2.tgz",
      "integrity": "sha512-FX/9frcub54beBdugHjDCdikxThEqjnR93Qt7PvQTOHxyiNCAlvMrHhclk3cD5VeAaq9fxmfRp+CnWw9rEMBuA==",
      "license": "ISC",
      "engines": {
        "node": ">=12"
      }
    },
    "node_modules/d3-interpolate": {
      "version": "3.0.1",
      "resolved": "https://registry.npmjs.org/d3-interpolate/-/d3-interpolate-3.0.1.tgz",
      "integrity": "sha512-3bYs1rOD33uo8aqJfKP3JWPAibgw8Zm2+L9vBKEHJ2Rg+viTR7o5Mmv5mZcieN+FRYaAOWX5SJATX6k1PWz72g==",
      "license": "ISC",
      "dependencies": {
        "d3-color": "1 - 3"
      },
      "engines": {
        "node": ">=12"
      }
    },
    "node_modules/d3-path": {
      "version": "3.1.0",
      "resolved": "https://registry.npmjs.org/d3-path/-/d3-path-3.1.0.tgz",
      "integrity": "sha512-p3KP5HCf/bvjBSSKuXid6Zqijx7wIfNW+J/maPs+iwR35at5JCbLUT0LzF1cnjbCHWhqzQTIN2Jpe8pRebIEFQ==",
      "license": "ISC",
      "engines": {
        "node": ">=12"
      }
    },
    "node_modules/d3-polygon": {
      "version": "3.0.1",
      "resolved": "https://registry.npmjs.org/d3-polygon/-/d3-polygon-3.0.1.tgz",
      "integrity": "sha512-3vbA7vXYwfe1SYhED++fPUQlWSYTTGmFmQiany/gdbiWgU/iEyQzyymwL9SkJjFFuCS4902BSzewVGsHHmHtXg==",
      "license": "ISC",
      "engines": {
        "node": ">=12"
      }
    },
    "node_modules/d3-quadtree": {
      "version": "3.0.1",
      "resolved": "https://registry.npmjs.org/d3-quadtree/-/d3-quadtree-3.0.1.tgz",
      "integrity": "sha512-04xDrxQTDTCFwP5H6hRhsRcb9xxv2RzkcsygFzmkSIOJy3PeRJP7sNk3VRIbKXcog561P9oU0/rVH6vDROAgUw==",
      "license": "ISC",
      "engines": {
        "node": ">=12"
      }
    },
    "node_modules/d3-random": {
      "version": "3.0.1",
      "resolved": "https://registry.npmjs.org/d3-random/-/d3-random-3.0.1.tgz",
      "integrity": "sha512-FXMe9GfxTxqd5D6jFsQ+DJ8BJS4E/fT5mqqdjovykEB2oFbTMDVdg1MGFxfQW+FBOGoB++k8swBrgwSHT1cUXQ==",
      "license": "ISC",
      "engines": {
        "node": ">=12"
      }
    },
    "node_modules/d3-scale": {
      "version": "4.0.2",
      "resolved": "https://registry.npmjs.org/d3-scale/-/d3-scale-4.0.2.tgz",
      "integrity": "sha512-GZW464g1SH7ag3Y7hXjf8RoUuAFIqklOAq3MRl4OaWabTFJY9PN/E1YklhXLh+OQ3fM9yS2nOkCoS+WLZ6kvxQ==",
      "license": "ISC",
      "dependencies": {
        "d3-array": "2.10.0 - 3",
        "d3-format": "1 - 3",
        "d3-interpolate": "1.2.0 - 3",
        "d3-time": "2.1.1 - 3",
        "d3-time-format": "2 - 4"
      },
      "engines": {
        "node": ">=12"
      }
    },
    "node_modules/d3-scale-chromatic": {
      "version": "3.1.0",
      "resolved": "https://registry.npmjs.org/d3-scale-chromatic/-/d3-scale-chromatic-3.1.0.tgz",
      "integrity": "sha512-A3s5PWiZ9YCXFye1o246KoscMWqf8BsD9eRiJ3He7C9OBaxKhAd5TFCdEx/7VbKtxxTsu//1mMJFrEt572cEyQ==",
      "license": "ISC",
      "dependencies": {
        "d3-color": "1 - 3",
        "d3-interpolate": "1 - 3"
      },
      "engines": {
        "node": ">=12"
      }
    },
    "node_modules/d3-selection": {
      "version": "3.0.0",
      "resolved": "https://registry.npmjs.org/d3-selection/-/d3-selection-3.0.0.tgz",
      "integrity": "sha512-fmTRWbNMmsmWq6xJV8D19U/gw/bwrHfNXxrIN+HfZgnzqTHp9jOmKMhsTUjXOJnZOdZY9Q28y4yebKzqDKlxlQ==",
      "license": "ISC",
      "engines": {
        "node": ">=12"
      }
    },
    "node_modules/d3-shape": {
      "version": "3.2.0",
      "resolved": "https://registry.npmjs.org/d3-shape/-/d3-shape-3.2.0.tgz",
      "integrity": "sha512-SaLBuwGm3MOViRq2ABk3eLoxwZELpH6zhl3FbAoJ7Vm1gofKx6El1Ib5z23NUEhF9AsGl7y+dzLe5Cw2AArGTA==",
      "license": "ISC",
      "dependencies": {
        "d3-path": "^3.1.0"
      },
      "engines": {
        "node": ">=12"
      }
    },
    "node_modules/d3-time": {
      "version": "3.1.0",
      "resolved": "https://registry.npmjs.org/d3-time/-/d3-time-3.1.0.tgz",
      "integrity": "sha512-VqKjzBLejbSMT4IgbmVgDjpkYrNWUYJnbCGo874u7MMKIWsILRX+OpX/gTk8MqjpT1A/c6HY2dCA77ZN0lkQ2Q==",
      "license": "ISC",
      "dependencies": {
        "d3-array": "2 - 3"
      },
      "engines": {
        "node": ">=12"
      }
    },
    "node_modules/d3-time-format": {
      "version": "4.1.0",
      "resolved": "https://registry.npmjs.org/d3-time-format/-/d3-time-format-4.1.0.tgz",
      "integrity": "sha512-dJxPBlzC7NugB2PDLwo9Q8JiTR3M3e4/XANkreKSUxF8vvXKqm1Yfq4Q5dl8budlunRVlUUaDUgFt7eA8D6NLg==",
      "license": "ISC",
      "dependencies": {
        "d3-time": "1 - 3"
      },
      "engines": {
        "node": ">=12"
      }
    },
    "node_modules/d3-timer": {
      "version": "3.0.1",
      "resolved": "https://registry.npmjs.org/d3-timer/-/d3-timer-3.0.1.tgz",
      "integrity": "sha512-ndfJ/JxxMd3nw31uyKoY2naivF+r29V+Lc0svZxe1JvvIRmi8hUsrMvdOwgS1o6uBHmiz91geQ0ylPP0aj1VUA==",
      "license": "ISC",
      "engines": {
        "node": ">=12"
      }
    },
    "node_modules/d3-transition": {
      "version": "3.0.1",
      "resolved": "https://registry.npmjs.org/d3-transition/-/d3-transition-3.0.1.tgz",
      "integrity": "sha512-ApKvfjsSR6tg06xrL434C0WydLr7JewBB3V+/39RMHsaXTOG0zmt/OAXeng5M5LBm0ojmxJrpomQVZ1aPvBL4w==",
      "license": "ISC",
      "dependencies": {
        "d3-color": "1 - 3",
        "d3-dispatch": "1 - 3",
        "d3-ease": "1 - 3",
        "d3-interpolate": "1 - 3",
        "d3-timer": "1 - 3"
      },
      "engines": {
        "node": ">=12"
      },
      "peerDependencies": {
        "d3-selection": "2 - 3"
      }
    },
    "node_modules/d3-zoom": {
      "version": "3.0.0",
      "resolved": "https://registry.npmjs.org/d3-zoom/-/d3-zoom-3.0.0.tgz",
      "integrity": "sha512-b8AmV3kfQaqWAuacbPuNbL6vahnOJflOhexLzMMNLga62+/nh0JzvJ0aO/5a5MVgUFGS7Hu1P9P03o3fJkDCyw==",
      "license": "ISC",
      "dependencies": {
        "d3-dispatch": "1 - 3",
        "d3-drag": "2 - 3",
        "d3-interpolate": "1 - 3",
        "d3-selection": "2 - 3",
        "d3-transition": "2 - 3"
      },
      "engines": {
        "node": ">=12"
      }
    },
    "node_modules/delaunator": {
      "version": "5.0.1",
      "resolved": "https://registry.npmjs.org/delaunator/-/delaunator-5.0.1.tgz",
      "integrity": "sha512-8nvh+XBe96aCESrGOqMp/84b13H9cdKbG5P2ejQCh4d4sK9RL4371qou9drQjMhvnPmhWl5hnmqbEE0fXr9Xnw==",
      "license": "ISC",
      "dependencies": {
        "robust-predicates": "^3.0.2"
      }
    },
    "node_modules/dompurify": {
      "version": "3.2.7",
      "resolved": "https://registry.npmjs.org/dompurify/-/dompurify-3.2.7.tgz",
      "integrity": "sha512-WhL/YuveyGXJaerVlMYGWhvQswa7myDG17P7Vu65EWC05o8vfeNbvNf4d/BOvH99+ZW+LlQsc1GDKMa1vNK6dw==",
      "license": "(MPL-2.0 OR Apache-2.0)",
      "peer": true,
      "optionalDependencies": {
        "@types/trusted-types": "^2.0.7"
      }
    },
    "node_modules/framer-motion": {
      "version": "12.34.3",
      "resolved": "https://registry.npmjs.org/framer-motion/-/framer-motion-12.34.3.tgz",
      "integrity": "sha512-v81ecyZKYO/DfpTwHivqkxSUBzvceOpoI+wLfgCgoUIKxlFKEXdg0oR9imxwXumT4SFy8vRk9xzJ5l3/Du/55Q==",
      "license": "MIT",
      "dependencies": {
        "motion-dom": "^12.34.3",
        "motion-utils": "^12.29.2",
        "tslib": "^2.4.0"
      },
      "peerDependencies": {
        "@emotion/is-prop-valid": "*",
        "react": "^18.0.0 || ^19.0.0",
        "react-dom": "^18.0.0 || ^19.0.0"
      },
      "peerDependenciesMeta": {
        "@emotion/is-prop-valid": {
          "optional": true
        },
        "react": {
          "optional": true
        },
        "react-dom": {
          "optional": true
        }
      }
    },
    "node_modules/iconv-lite": {
      "version": "0.6.3",
      "resolved": "https://registry.npmjs.org/iconv-lite/-/iconv-lite-0.6.3.tgz",
      "integrity": "sha512-4fCk79wshMdzMp2rH06qWrJE4iolqLhCUH+OiuIgU++RB0+94NlDL81atO7GX55uUKueo0txHNtvEyI6D7WdMw==",
      "license": "MIT",
      "dependencies": {
        "safer-buffer": ">= 2.1.2 < 3.0.0"
      },
      "engines": {
        "node": ">=0.10.0"
      }
    },
    "node_modules/internmap": {
      "version": "2.0.3",
      "resolved": "https://registry.npmjs.org/internmap/-/internmap-2.0.3.tgz",
      "integrity": "sha512-5Hh7Y1wQbvY5ooGgPbDaL5iYLAPzMTUrjMulskHLH6wnv/A+1q5rgEaiuqEjB+oxGXIVZs1FF+R/KPN3ZSQYYg==",
      "license": "ISC",
      "engines": {
        "node": ">=12"
      }
    },
    "node_modules/lz-string": {
      "version": "1.5.0",
      "resolved": "https://registry.npmjs.org/lz-string/-/lz-string-1.5.0.tgz",
      "integrity": "sha512-h5bgJWpxJNswbU7qCrV0tIKQCaS3blPDrqKWx+QxzuzL1zGUzij9XCWLrSLsJPu5t+eWA/ycetzYAO5IOMcWAQ==",
      "license": "MIT",
      "bin": {
        "lz-string": "bin/bin.js"
      }
    },
    "node_modules/marked": {
      "version": "14.0.0",
      "resolved": "https://registry.npmjs.org/marked/-/marked-14.0.0.tgz",
      "integrity": "sha512-uIj4+faQ+MgHgwUW1l2PsPglZLOLOT1uErt06dAPtx2kjteLAkbsd/0FiYg/MGS+i7ZKLb7w2WClxHkzOOuryQ==",
      "license": "MIT",
      "peer": true,
      "bin": {
        "marked": "bin/marked.js"
      },
      "engines": {
        "node": ">= 18"
      }
    },
    "node_modules/monaco-editor": {
      "version": "0.55.1",
      "resolved": "https://registry.npmjs.org/monaco-editor/-/monaco-editor-0.55.1.tgz",
      "integrity": "sha512-jz4x+TJNFHwHtwuV9vA9rMujcZRb0CEilTEwG2rRSpe/A7Jdkuj8xPKttCgOh+v/lkHy7HsZ64oj+q3xoAFl9A==",
      "license": "MIT",
      "peer": true,
      "dependencies": {
        "dompurify": "3.2.7",
        "marked": "14.0.0"
      }
    },
    "node_modules/motion-dom": {
      "version": "12.34.3",
      "resolved": "https://registry.npmjs.org/motion-dom/-/motion-dom-12.34.3.tgz",
      "integrity": "sha512-sYgFe+pR9aIM7o4fhs2aXtOI+oqlUd33N9Yoxcgo1Fv7M20sRkHtCmzE/VRNIcq7uNJ+qio+Xubt1FXH3pQ+eQ==",
      "license": "MIT",
      "dependencies": {
        "motion-utils": "^12.29.2"
      }
    },
    "node_modules/motion-utils": {
      "version": "12.29.2",
      "resolved": "https://registry.npmjs.org/motion-utils/-/motion-utils-12.29.2.tgz",
      "integrity": "sha512-G3kc34H2cX2gI63RqU+cZq+zWRRPSsNIOjpdl9TN4AQwC4sgwYPl/Q/Obf/d53nOm569T0fYK+tcoSV50BWx8A==",
      "license": "MIT"
    },
    "node_modules/react": {
      "version": "19.2.4",
      "resolved": "https://registry.npmjs.org/react/-/react-19.2.4.tgz",
      "integrity": "sha512-9nfp2hYpCwOjAN+8TZFGhtWEwgvWHXqESH8qT89AT/lWklpLON22Lc8pEtnpsZz7VmawabSU0gCjnj8aC0euHQ==",
      "license": "MIT",
      "peer": true,
      "engines": {
        "node": ">=0.10.0"
      }
    },
    "node_modules/react-dom": {
      "version": "19.2.4",
      "resolved": "https://registry.npmjs.org/react-dom/-/react-dom-19.2.4.tgz",
      "integrity": "sha512-AXJdLo8kgMbimY95O2aKQqsz2iWi9jMgKJhRBAxECE4IFxfcazB2LmzloIoibJI3C12IlY20+KFaLv+71bUJeQ==",
      "license": "MIT",
      "peer": true,
      "dependencies": {
        "scheduler": "^0.27.0"
      },
      "peerDependencies": {
        "react": "^19.2.4"
      }
    },
    "node_modules/reactflow": {
      "version": "11.11.4",
      "resolved": "https://registry.npmjs.org/reactflow/-/reactflow-11.11.4.tgz",
      "integrity": "sha512-70FOtJkUWH3BAOsN+LU9lCrKoKbtOPnz2uq0CV2PLdNSwxTXOhCbsZr50GmZ+Rtw3jx8Uv7/vBFtCGixLfd4Og==",
      "license": "MIT",
      "dependencies": {
        "@reactflow/background": "11.3.14",
        "@reactflow/controls": "11.2.14",
        "@reactflow/core": "11.11.4",
        "@reactflow/minimap": "11.7.14",
        "@reactflow/node-resizer": "2.2.14",
        "@reactflow/node-toolbar": "1.3.14"
      },
      "peerDependencies": {
        "react": ">=17",
        "react-dom": ">=17"
      }
    },
    "node_modules/robust-predicates": {
      "version": "3.0.2",
      "resolved": "https://registry.npmjs.org/robust-predicates/-/robust-predicates-3.0.2.tgz",
      "integrity": "sha512-IXgzBWvWQwE6PrDI05OvmXUIruQTcoMDzRsOd5CDvHCVLcLHMTSYvOK5Cm46kWqlV3yAbuSpBZdJ5oP5OUoStg==",
      "license": "Unlicense"
    },
    "node_modules/rw": {
      "version": "1.3.3",
      "resolved": "https://registry.npmjs.org/rw/-/rw-1.3.3.tgz",
      "integrity": "sha512-PdhdWy89SiZogBLaw42zdeqtRJ//zFd2PgQavcICDUgJT5oW10QCRKbJ6bg4r0/UY2M6BWd5tkxuGFRvCkgfHQ==",
      "license": "BSD-3-Clause"
    },
    "node_modules/safer-buffer": {
      "version": "2.1.2",
      "resolved": "https://registry.npmjs.org/safer-buffer/-/safer-buffer-2.1.2.tgz",
      "integrity": "sha512-YZo3K82SD7Riyi0E1EQPojLz7kpepnSQI9IyPbHHg1XXXevb5dJI7tpyN2ADxGcQbHG7vcyRHk0cbwqcQriUtg==",
      "license": "MIT"
    },
    "node_modules/scheduler": {
      "version": "0.27.0",
      "resolved": "https://registry.npmjs.org/scheduler/-/scheduler-0.27.0.tgz",
      "integrity": "sha512-eNv+WrVbKu1f3vbYJT/xtiF5syA5HPIMtf9IgY/nKg0sWqzAUEvqY/xm7OcZc/qafLx/iO9FgOmeSAp4v5ti/Q==",
      "license": "MIT",
      "peer": true
    },
    "node_modules/state-local": {
      "version": "1.0.7",
      "resolved": "https://registry.npmjs.org/state-local/-/state-local-1.0.7.tgz",
      "integrity": "sha512-HTEHMNieakEnoe33shBYcZ7NX83ACUjCu8c40iOGEZsngj9zRnkqS9j1pqQPXwobB0ZcVTk27REb7COQ0UR59w==",
      "license": "MIT"
    },
    "node_modules/tslib": {
      "version": "2.8.1",
      "resolved": "https://registry.npmjs.org/tslib/-/tslib-2.8.1.tgz",
      "integrity": "sha512-oJFu94HQb+KVduSUQL7wnpmqnfmLsOA/nAh6b6EH0wCEoK0/mPeXU6c3wKDV83MkOuHPRHtSXKKU99IBazS/2w==",
      "license": "0BSD"
    },
    "node_modules/use-sync-external-store": {
      "version": "1.6.0",
      "resolved": "https://registry.npmjs.org/use-sync-external-store/-/use-sync-external-store-1.6.0.tgz",
      "integrity": "sha512-Pp6GSwGP/NrPIrxVFAIkOQeyw8lFenOHijQWkUTrDvrF4ALqylP2C/KCkeS9dpUM3KvYRQhna5vt7IL95+ZQ9w==",
      "license": "MIT",
      "peerDependencies": {
        "react": "^16.8.0 || ^17.0.0 || ^18.0.0 || ^19.0.0"
      }
    },
    "node_modules/zustand": {
      "version": "5.0.11",
      "resolved": "https://registry.npmjs.org/zustand/-/zustand-5.0.11.tgz",
      "integrity": "sha512-fdZY+dk7zn/vbWNCYmzZULHRrss0jx5pPFiOuMZ/5HJN6Yv3u+1Wswy/4MpZEkEGhtNH+pwxZB8OKgUBPzYAGg==",
      "license": "MIT",
      "engines": {
        "node": ">=12.20.0"
      },
      "peerDependencies": {
        "@types/react": ">=18.0.0",
        "immer": ">=9.0.6",
        "react": ">=18.0.0",
        "use-sync-external-store": ">=1.2.0"
      },
      "peerDependenciesMeta": {
        "@types/react": {
          "optional": true
        },
        "immer": {
          "optional": true
        },
        "react": {
          "optional": true
        },
        "use-sync-external-store": {
          "optional": true
        }
      }
    }
  }
}
